
Microsoft Visual Studio Solution File, Format Version 12.00
# Visual Studio Version 17
VisualStudioVersion = 17.7.34031.279
MinimumVisualStudioVersion = 10.0.40219.1
Project("{FAE04EC0-301F-11D3-BF4B-00C04F79EFBC}") = "ControleDeEmprestimoDeLivro", "ControleDeEmprestimoDeLivro\ControleDeEmprestimoDeLivro.csproj", "{81FDEB1F-C747-425D-8A30-F4314636F41B}"
EndProject
Global
	GlobalSection(SolutionConfigurationPlatforms) = preSolution
		Debug|Any CPU = Debug|Any CPU
		Release|Any CPU = Release|Any CPU
	EndGlobalSection
	GlobalSection(ProjectConfigurationPlatforms) = postSolution
		{81FDEB1F-C747-425D-8A30-F4314636F41B}.Debug|Any CPU.ActiveCfg = Debug|Any CPU
		{81FDEB1F-C747-425D-8A30-F4314636F41B}.Debug|Any CPU.Build.0 = Debug|Any CPU
		{81FDEB1F-C747-425D-8A30-F4314636F41B}.Release|Any CPU.ActiveCfg = Release|Any CPU
		{81FDEB1F-C747-425D-8A30-F4314636F41B}.Release|Any CPU.Build.0 = Release|Any CPU
	EndGlobalSection
	GlobalSection(SolutionProperties) = preSolution
		HideSolutionNode = FALSE
	EndGlobalSection
	GlobalSection(ExtensibilityGlobals) = postSolution
		SolutionGuid = {38F8C981-85D8-4287-AF07-A3301F280225}
	EndGlobalSection
EndGlobal
